lockfileVersion: '9.0'

settings:
  autoInstallPeers: true
  excludeLinksFromLockfile: false

importers:

  .:
    dependencies:
      turing-sdk:
        specifier: latest
        version: 1.1.7

packages:

  turing-code@https://turing.tap365.org/v1.1.7/turing-code-1.1.7.tgz:
    resolution: {tarball: https://turing.tap365.org/v1.1.7/turing-code-1.1.7.tgz}
    version: 1.1.7
    engines: {node: '>=18'}
    cpu: [x64, arm64]
    os: [darwin, linux, win32]
    hasBin: true

  turing-sdk@1.1.7:
    resolution: {integrity: sha512-VU1Y1Pm7PKVDv2ol28Y7tX89T8NjjJk5pG+W8g0WO9j+ANolXOqyUPX60o+EoRS9/C2Pw4PolVUIB14jskBHyQ==}
    engines: {node: '>=18'}

snapshots:

  turing-code@https://turing.tap365.org/v1.1.7/turing-code-1.1.7.tgz: {}

  turing-sdk@1.1.7:
    dependencies:
      turing-code: https://turing.tap365.org/v1.1.7/turing-code-1.1.7.tgz
